// !$*UTF8*$!
{
	archiveVersion = 1;
	classes = {
	};
	objectVersion = 50;
	objects = {

/* Begin PBXBuildFile section */
		AE631BD626B1A339008DC9BE /* DistrictList.swift in Sources */ = {isa = PBXBuildFile; fileRef = AE631BD526B1A339008DC9BE /* DistrictList.swift */; };
		AE631BD826B1A51D008DC9BE /* RowView.swift in Sources */ = {isa = PBXBuildFile; fileRef = AE631BD726B1A51D008DC9BE /* RowView.swift */; };
		AE8DA15F26D92E5B000F05E0 /* TourService.swift in Sources */ = {isa = PBXBuildFile; fileRef = AE8DA15E26D92E5B000F05E0 /* TourService.swift */; };
		AE96FC5B26AF00EF00347582 /* ToupInfoApp.swift in Sources */ = {isa = PBXBuildFile; fileRef = AE96FC5A26AF00EF00347582 /* ToupInfoApp.swift */; };
		AE96FC5D26AF00EF00347582 /* ContentView.swift in Sources */ = {isa = PBXBuildFile; fileRef = AE96FC5C26AF00EF00347582 /* ContentView.swift */; };
		AE96FC5F26AF00F400347582 /* Assets.xcassets in Resources */ = {isa = PBXBuildFile; fileRef = AE96FC5E26AF00F400347582 /* Assets.xcassets */; };
		AE96FC6226AF00F400347582 /* Preview Assets.xcassets in Resources */ = {isa = PBXBuildFile; fileRef = AE96FC6126AF00F400347582 /* Preview Assets.xcassets */; };
		AE9E038426BAD88100B7E698 /* GeocodeService.swift in Sources */ = {isa = PBXBuildFile; fileRef = AE9E038326BAD88100B7E698 /* GeocodeService.swift */; };
		AE9E038626BAD9D800B7E698 /* Geocode.swift in Sources */ = {isa = PBXBuildFile; fileRef = AE9E038526BAD9D800B7E698 /* Geocode.swift */; };
		AE9E038A26BADE0900B7E698 /* GeocodeViewModel.swift in Sources */ = {isa = PBXBuildFile; fileRef = AE9E038926BADE0900B7E698 /* GeocodeViewModel.swift */; };
		AEBBB6D126B0555800E9417E /* GeoCodeList.swift in Sources */ = {isa = PBXBuildFile; fileRef = AEBBB6D026B0555800E9417E /* GeoCodeList.swift */; };
		AEFE012E26CCEF26000528D1 /* DistrictViewModel.swift in Sources */ = {isa = PBXBuildFile; fileRef = AEFE012D26CCEF26000528D1 /* DistrictViewModel.swift */; };
/* End PBXBuildFile section */

/* Begin PBXFileReference section */
		AE631BD526B1A339008DC9BE /* DistrictList.swift */ = {isa = PBXFileReference; lastKnownFileType = sourcecode.swift; path = DistrictList.swift; sourceTree = "<group>"; };
		AE631BD726B1A51D008DC9BE /* RowView.swift */ = {isa = PBXFileReference; lastKnownFileType = sourcecode.swift; path = RowView.swift; sourceTree = "<group>"; };
		AE8DA15E26D92E5B000F05E0 /* TourService.swift */ = {isa = PBXFileReference; lastKnownFileType = sourcecode.swift; path = TourService.swift; sourceTree = "<group>"; };
		AE96FC5726AF00EF00347582 /* ToupInfo.app */ = {isa = PBXFileReference; explicitFileType = wrapper.application; includeInIndex = 0; path = ToupInfo.app; sourceTree = BUILT_PRODUCTS_DIR; };
		AE96FC5A26AF00EF00347582 /* ToupInfoApp.swift */ = {isa = PBXFileReference; lastKnownFileType = sourcecode.swift; path = ToupInfoApp.swift; sourceTree = "<group>"; };
		AE96FC5C26AF00EF00347582 /* ContentView.swift */ = {isa = PBXFileReference; lastKnownFileType = sourcecode.swift; path = ContentView.swift; sourceTree = "<group>"; };
		AE96FC5E26AF00F400347582 /* Assets.xcassets */ = {isa = PBXFileReference; lastKnownFileType = folder.assetcatalog; path = Assets.xcassets; sourceTree = "<group>"; };
		AE96FC6126AF00F400347582 /* Preview Assets.xcassets */ = {isa = PBXFileReference; lastKnownFileType = folder.assetcatalog; path = "Preview Assets.xcassets"; sourceTree = "<group>"; };
		AE96FC6326AF00F400347582 /* Info.plist */ = {isa = PBXFileReference; lastKnownFileType = text.plist.xml; path = Info.plist; sourceTree = "<group>"; };
		AE9E038326BAD88100B7E698 /* GeocodeService.swift */ = {isa = PBXFileReference; lastKnownFileType = sourcecode.swift; path = GeocodeService.swift; sourceTree = "<group>"; };
		AE9E038526BAD9D800B7E698 /* Geocode.swift */ = {isa = PBXFileReference; lastKnownFileType = sourcecode.swift; path = Geocode.swift; sourceTree = "<group>"; };
		AE9E038926BADE0900B7E698 /* GeocodeViewModel.swift */ = {isa = PBXFileReference; lastKnownFileType = sourcecode.swift; path = GeocodeViewModel.swift; sourceTree = "<group>"; };
		AEBBB6D026B0555800E9417E /* GeoCodeList.swift */ = {isa = PBXFileReference; lastKnownFileType = sourcecode.swift; path = GeoCodeList.swift; sourceTree = "<group>"; };
		AEFE012D26CCEF26000528D1 /* DistrictViewModel.swift */ = {isa = PBXFileReference; lastKnownFileType = sourcecode.swift; path = DistrictViewModel.swift; sourceTree = "<group>"; };
/* End PBXFileReference section */

/* Begin PBXFrameworksBuildPhase section */
		AE96FC5426AF00EF00347582 /* Frameworks */ = {
			isa = PBXFrameworksBuildPhase;
			buildActionMask = 2147483647;
			files = (
			);
			runOnlyForDeploymentPostprocessing = 0;
		};
/* End PBXFrameworksBuildPhase section */

/* Begin PBXGroup section */
		AE631BD426B1A1F9008DC9BE /* District */ = {
			isa = PBXGroup;
			children = (
				AE631BD526B1A339008DC9BE /* DistrictList.swift */,
			);
			path = District;
			sourceTree = "<group>";
		};
		AE76ECB026BD009200368220 /* ViewModel */ = {
			isa = PBXGroup;
			children = (
				AE9E038926BADE0900B7E698 /* GeocodeViewModel.swift */,
				AEFE012D26CCEF26000528D1 /* DistrictViewModel.swift */,
			);
			path = ViewModel;
			sourceTree = "<group>";
		};
		AE96FC4E26AF00EF00347582 = {
			isa = PBXGroup;
			children = (
				AE96FC5926AF00EF00347582 /* ToupInfo */,
				AE96FC5826AF00EF00347582 /* Products */,
			);
			sourceTree = "<group>";
		};
		AE96FC5826AF00EF00347582 /* Products */ = {
			isa = PBXGroup;
			children = (
				AE96FC5726AF00EF00347582 /* ToupInfo.app */,
			);
			name = Products;
			sourceTree = "<group>";
		};
		AE96FC5926AF00EF00347582 /* ToupInfo */ = {
			isa = PBXGroup;
			children = (
				AE96FC5A26AF00EF00347582 /* ToupInfoApp.swift */,
				AEBBB6C326B04EBB00E9417E /* Models */,
				AEBBB6C426B04EC700E9417E /* Views */,
				AE76ECB026BD009200368220 /* ViewModel */,
				AE96FC5E26AF00F400347582 /* Assets.xcassets */,
				AE96FC6326AF00F400347582 /* Info.plist */,
				AE96FC6026AF00F400347582 /* Preview Content */,
			);
			path = ToupInfo;
			sourceTree = "<group>";
		};
		AE96FC6026AF00F400347582 /* Preview Content */ = {
			isa = PBXGroup;
			children = (
				AE96FC6126AF00F400347582 /* Preview Assets.xcassets */,
			);
			path = "Preview Content";
			sourceTree = "<group>";
		};
		AEBBB6C326B04EBB00E9417E /* Models */ = {
			isa = PBXGroup;
			children = (
				AE9E038526BAD9D800B7E698 /* Geocode.swift */,
				AE9E038326BAD88100B7E698 /* GeocodeService.swift */,
				AE8DA15E26D92E5B000F05E0 /* TourService.swift */,
			);
			path = Models;
			sourceTree = "<group>";
		};
		AEBBB6C426B04EC700E9417E /* Views */ = {
			isa = PBXGroup;
			children = (
				AE96FC5C26AF00EF00347582 /* ContentView.swift */,
				AE631BD726B1A51D008DC9BE /* RowView.swift */,
				AEBBB6C526B050AA00E9417E /* GeoCode */,
				AE631BD426B1A1F9008DC9BE /* District */,
			);
			path = Views;
			sourceTree = "<group>";
		};
		AEBBB6C526B050AA00E9417E /* GeoCode */ = {
			isa = PBXGroup;
			children = (
				AEBBB6D026B0555800E9417E /* GeoCodeList.swift */,
			);
			path = GeoCode;
			sourceTree = "<group>";
		};
/* End PBXGroup section */

/* Begin PBXNativeTarget section */
		AE96FC5626AF00EF00347582 /* ToupInfo */ = {
			isa = PBXNativeTarget;
			buildConfigurationList = AE96FC6626AF00F400347582 /* Build configuration list for PBXNativeTarget "ToupInfo" */;
			buildPhases = (
				AE96FC5326AF00EF00347582 /* Sources */,
				AE96FC5426AF00EF00347582 /* Frameworks */,
				AE96FC5526AF00EF00347582 /* Resources */,
			);
			buildRules = (
			);
			dependencies = (
			);
			name = ToupInfo;
			productName = ToupInfo;
			productReference = AE96FC5726AF00EF00347582 /* ToupInfo.app */;
			productType = "com.apple.product-type.application";
		};
/* End PBXNativeTarget section */

/* Begin PBXProject section */
		AE96FC4F26AF00EF00347582 /* Project object */ = {
			isa = PBXProject;
			attributes = {
				LastSwiftUpdateCheck = 1250;
				LastUpgradeCheck = 1250;
				TargetAttributes = {
					AE96FC5626AF00EF00347582 = {
						CreatedOnToolsVersion = 12.5.1;
					};
				};
			};
			buildConfigurationList = AE96FC5226AF00EF00347582 /* Build configuration list for PBXProject "ToupInfo" */;
			compatibilityVersion = "Xcode 9.3";
			developmentRegion = en;
			hasScannedForEncodings = 0;
			knownRegions = (
				en,
				Base,
			);
			mainGroup = AE96FC4E26AF00EF00347582;
			productRefGroup = AE96FC5826AF00EF00347582 /* Products */;
			projectDirPath = "";
			projectRoot = "";
			targets = (
				AE96FC5626AF00EF00347582 /* ToupInfo */,
			);
		};
/* End PBXProject section */

/* Begin PBXResourcesBuildPhase section */
		AE96FC5526AF00EF00347582 /* Resources */ = {
			isa = PBXResourcesBuildPhase;
			buildActionMask = 2147483647;
			files = (
				AE96FC6226AF00F400347582 /* Preview Assets.xcassets in Resources */,
				AE96FC5F26AF00F400347582 /* Assets.xcassets in Resources */,
			);
			runOnlyForDeploymentPostprocessing = 0;
		};
/* End PBXResourcesBuildPhase section */

/* Begin PBXSourcesBuildPhase section */
		AE96FC5326AF00EF00347582 /* Sources */ = {
			isa = PBXSourcesBuildPhase;
			buildActionMask = 2147483647;
			files = (
				AEFE012E26CCEF26000528D1 /* DistrictViewModel.swift in Sources */,
				AEBBB6D126B0555800E9417E /* GeoCodeList.swift in Sources */,
				AE631BD626B1A339008DC9BE /* DistrictList.swift in Sources */,
				AE8DA15F26D92E5B000F05E0 /* TourService.swift in Sources */,
				AE631BD826B1A51D008DC9BE /* RowView.swift in Sources */,
				AE96FC5D26AF00EF00347582 /* ContentView.swift in Sources */,
				AE96FC5B26AF00EF00347582 /* ToupInfoApp.swift in Sources */,
				AE9E038426BAD88100B7E698 /* GeocodeService.swift in Sources */,
				AE9E038A26BADE0900B7E698 /* GeocodeViewModel.swift in Sources */,
				AE9E038626BAD9D800B7E698 /* Geocode.swift in Sources */,
			);
			runOnlyForDeploymentPostprocessing = 0;
		};
/* End PBXSourcesBuildPhase section */

/* Begin XCBuildConfiguration section */
		AE96FC6426AF00F400347582 /* Debug */ = {
			isa = XCBuildConfiguration;
			buildSettings = {
				ALWAYS_SEARCH_USER_PATHS = NO;
				CLANG_ANALYZER_NONNULL = YES;
				CLANG_ANALYZER_NUMBER_OBJECT_CONVERSION = YES_AGGRESSIVE;
				CLANG_CXX_LANGUAGE_STANDARD = "gnu++14";
				CLANG_CXX_LIBRARY = "libc++";
				CLANG_ENABLE_MODULES = YES;
				CLANG_ENABLE_OBJC_ARC = YES;
				CLANG_ENABLE_OBJC_WEAK = YES;
				CLANG_WARN_BLOCK_CAPTURE_AUTORELEASING = YES;
				CLANG_WARN_BOOL_CONVERSION = YES;
				CLANG_WARN_COMMA = YES;
				CLANG_WARN_CONSTANT_CONVERSION = YES;
				CLANG_WARN_DEPRECATED_OBJC_IMPLEMENTATIONS = YES;
				CLANG_WARN_DIRECT_OBJC_ISA_USAGE = YES_ERROR;
				CLANG_WARN_DOCUMENTATION_COMMENTS = YES;
				CLANG_WARN_EMPTY_BODY = YES;
				CLANG_WARN_ENUM_CONVERSION = YES;
				CLANG_WARN_INFINITE_RECURSION = YES;
				CLANG_WARN_INT_CONVERSION = YES;
				CLANG_WARN_NON_LITERAL_NULL_CONVERSION = YES;
				CLANG_WARN_OBJC_IMPLICIT_RETAIN_SELF = YES;
				CLANG_WARN_OBJC_LITERAL_CONVERSION = YES;
				CLANG_WARN_OBJC_ROOT_CLASS = YES_ERROR;
				CLANG_WARN_QUOTED_INCLUDE_IN_FRAMEWORK_HEADER = YES;
				CLANG_WARN_RANGE_LOOP_ANALYSIS = YES;
				CLANG_WARN_STRICT_PROTOTYPES = YES;
				CLANG_WARN_SUSPICIOUS_MOVE = YES;
				CLANG_WARN_UNGUARDED_AVAILABILITY = YES_AGGRESSIVE;
				CLANG_WARN_UNREACHABLE_CODE = YES;
				CLANG_WARN__DUPLICATE_METHOD_MATCH = YES;
				COPY_PHASE_STRIP = NO;
				DEBUG_INFORMATION_FORMAT = dwarf;
				ENABLE_STRICT_OBJC_MSGSEND = YES;
				ENABLE_TESTABILITY = YES;
				GCC_C_LANGUAGE_STANDARD = gnu11;
				GCC_DYNAMIC_NO_PIC = NO;
				GCC_NO_COMMON_BLOCKS = YES;
				GCC_OPTIMIZATION_LEVEL = 0;
				GCC_PREPROCESSOR_DEFINITIONS = (
					"DEBUG=1",
					"$(inherited)",
				);
				GCC_WARN_64_TO_32_BIT_CONVERSION = YES;
				GCC_WARN_ABOUT_RETURN_TYPE = YES_ERROR;
				GCC_WARN_UNDECLARED_SELECTOR = YES;
				GCC_WARN_UNINITIALIZED_AUTOS = YES_AGGRESSIVE;
				GCC_WARN_UNUSED_FUNCTION = YES;
				GCC_WARN_UNUSED_VARIABLE = YES;
				IPHONEOS_DEPLOYMENT_TARGET = 14.5;
				MTL_ENABLE_DEBUG_INFO = INCLUDE_SOURCE;
				MTL_FAST_MATH = YES;
				ONLY_ACTIVE_ARCH = YES;
				SDKROOT = iphoneos;
				SWIFT_ACTIVE_COMPILATION_CONDITIONS = DEBUG;
				SWIFT_OPTIMIZATION_LEVEL = "-Onone";
			};
			name = Debug;
		};
		AE96FC6526AF00F400347582 /* Release */ = {
			isa = XCBuildConfiguration;
			buildSettings = {
				ALWAYS_SEARCH_USER_PATHS = NO;
				CLANG_ANALYZER_NONNULL = YES;
				CLANG_ANALYZER_NUMBER_OBJECT_CONVERSION = YES_AGGRESSIVE;
				CLANG_CXX_LANGUAGE_STANDARD = "gnu++14";
				CLANG_CXX_LIBRARY = "libc++";
				CLANG_ENABLE_MODULES = YES;
				CLANG_ENABLE_OBJC_ARC = YES;
				CLANG_ENABLE_OBJC_WEAK = YES;
				CLANG_WARN_BLOCK_CAPTURE_AUTORELEASING = YES;
				CLANG_WARN_BOOL_CONVERSION = YES;
				CLANG_WARN_COMMA = YES;
				CLANG_WARN_CONSTANT_CONVERSION = YES;
				CLANG_WARN_DEPRECATED_OBJC_IMPLEMENTATIONS = YES;
				CLANG_WARN_DIRECT_OBJC_ISA_USAGE = YES_ERROR;
				CLANG_WARN_DOCUMENTATION_COMMENTS = YES;
				CLANG_WARN_EMPTY_BODY = YES;
				CLANG_WARN_ENUM_CONVERSION = YES;
				CLANG_WARN_INFINITE_RECURSION = YES;
				CLANG_WARN_INT_CONVERSION = YES;
				CLANG_WARN_NON_LITERAL_NULL_CONVERSION = YES;
				CLANG_WARN_OBJC_IMPLICIT_RETAIN_SELF = YES;
				CLANG_WARN_OBJC_LITERAL_CONVERSION = YES;
				CLANG_WARN_OBJC_ROOT_CLASS = YES_ERROR;
				CLANG_WARN_QUOTED_INCLUDE_IN_FRAMEWORK_HEADER = YES;
				CLANG_WARN_RANGE_LOOP_ANALYSIS = YES;
				CLANG_WARN_STRICT_PROTOTYPES = YES;
				CLANG_WARN_SUSPICIOUS_MOVE = YES;
				CLANG_WARN_UNGUARDED_AVAILABILITY = YES_AGGRESSIVE;
				CLANG_WARN_UNREACHABLE_CODE = YES;
				CLANG_WARN__DUPLICATE_METHOD_MATCH = YES;
				COPY_PHASE_STRIP = NO;
				DEBUG_INFORMATION_FORMAT = "dwarf-with-dsym";
				ENABLE_NS_ASSERTIONS = NO;
				ENABLE_STRICT_OBJC_MSGSEND = YES;
				GCC_C_LANGUAGE_STANDARD = gnu11;
				GCC_NO_COMMON_BLOCKS = YES;
				GCC_WARN_64_TO_32_BIT_CONVERSION = YES;
				GCC_WARN_ABOUT_RETURN_TYPE = YES_ERROR;
				GCC_WARN_UNDECLARED_SELECTOR = YES;
				GCC_WARN_UNINITIALIZED_AUTOS = YES_AGGRESSIVE;
				GCC_WARN_UNUSED_FUNCTION = YES;
				GCC_WARN_UNUSED_VARIABLE = YES;
				IPHONEOS_DEPLOYMENT_TARGET = 14.5;
				MTL_ENABLE_DEBUG_INFO = NO;
				MTL_FAST_MATH = YES;
				SDKROOT = iphoneos;
				SWIFT_COMPILATION_MODE = wholemodule;
				SWIFT_OPTIMIZATION_LEVEL = "-O";
				VALIDATE_PRODUCT = YES;
			};
			name = Release;
		};
		AE96FC6726AF00F400347582 /* Debug */ = {
			isa = XCBuildConfiguration;
			buildSettings = {
				ASSETCATALOG_COMPILER_APPICON_NAME = AppIcon;
				ASSETCATALOG_COMPILER_GLOBAL_ACCENT_COLOR_NAME = AccentColor;
				CODE_SIGN_STYLE = Automatic;
				DEVELOPMENT_ASSET_PATHS = "\"ToupInfo/Preview Content\"";
				DEVELOPMENT_TEAM = FCFXQT546K;
				ENABLE_PREVIEWS = YES;
				INFOPLIST_FILE = ToupInfo/Info.plist;
				IPHONEOS_DEPLOYMENT_TARGET = 14.0;
				LD_RUNPATH_SEARCH_PATHS = (
					"$(inherited)",
					"@executable_path/Frameworks",
				);
				PRODUCT_BUNDLE_IDENTIFIER = com.example.firsteast.ToupInfo;
				PRODUCT_NAME = "$(TARGET_NAME)";
				SWIFT_VERSION = 5.0;
				TARGETED_DEVICE_FAMILY = "1,2";
			};
			name = Debug;
		};
		AE96FC6826AF00F400347582 /* Release */ = {
			isa = XCBuildConfiguration;
			buildSettings = {
				ASSETCATALOG_COMPILER_APPICON_NAME = AppIcon;
				ASSETCATALOG_COMPILER_GLOBAL_ACCENT_COLOR_NAME = AccentColor;
				CODE_SIGN_STYLE = Automatic;
				DEVELOPMENT_ASSET_PATHS = "\"ToupInfo/Preview Content\"";
				DEVELOPMENT_TEAM = FCFXQT546K;
				ENABLE_PREVIEWS = YES;
				INFOPLIST_FILE = ToupInfo/Info.plist;
				IPHONEOS_DEPLOYMENT_TARGET = 14.0;
				LD_RUNPATH_SEARCH_PATHS = (
					"$(inherited)",
					"@executable_path/Frameworks",
				);
				PRODUCT_BUNDLE_IDENTIFIER = com.example.firsteast.ToupInfo;
				PRODUCT_NAME = "$(TARGET_NAME)";
				SWIFT_VERSION = 5.0;
				TARGETED_DEVICE_FAMILY = "1,2";
			};
			name = Release;
		};
/* End XCBuildConfiguration section */

/* Begin XCConfigurationList section */
		AE96FC5226AF00EF00347582 /* Build configuration list for PBXProject "ToupInfo" */ = {
			isa = XCConfigurationList;
			buildConfigurations = (
				AE96FC6426AF00F400347582 /* Debug */,
				AE96FC6526AF00F400347582 /* Release */,
			);
			defaultConfigurationIsVisible = 0;
			defaultConfigurationName = Release;
		};
		AE96FC6626AF00F400347582 /* Build configuration list for PBXNativeTarget "ToupInfo" */ = {
			isa = XCConfigurationList;
			buildConfigurations = (
				AE96FC6726AF00F400347582 /* Debug */,
				AE96FC6826AF00F400347582 /* Release */,
			);
			defaultConfigurationIsVisible = 0;
			defaultConfigurationName = Release;
		};
/* End XCConfigurationList section */
	};
	rootObject = AE96FC4F26AF00EF00347582 /* Project object */;
}
